{
  "name": "site-skincast",
  "version": "1.0.0",
  "lockfileVersion": 1,
  "requires": true,
  "dependencies": {
    "tarteaucitronjs": {
      "version": "1.8.5",
      "resolved": "https://registry.npmjs.org/tarteaucitronjs/-/tarteaucitronjs-1.8.5.tgz",
      "integrity": "sha512-K0odmDKZuuBwzFcwAA60dsI5nbn0/ktVL4s+PRnhNmJ3QgFgr8ont8Xv43TklNSGkAz2jEhc6s6/BcfjxCWhxA=="
    }
  }
}
